
Microsoft Visual Studio Solution File, Format Version 12.00
# Visual Studio Version 17
VisualStudioVersion = 17.0.31903.59
MinimumVisualStudioVersion = 10.0.40219.1
Project("{2150E333-8FDC-42A3-9474-1A3956D46DE8}") = "src", "src", "{827E0CD3-B72D-47B6-A68D-7590B98EB39B}"
EndProject
Project("{FAE04EC0-301F-11D3-BF4B-00C04F79EFBC}") = "ASM.WebPortal", "src\ASM.WebPortal\ASM.WebPortal.csproj", "{8C27C9C2-FC1E-440F-94FB-295D31055921}"
EndProject
Project("{FAE04EC0-301F-11D3-BF4B-00C04F79EFBC}") = "ASM.Domain", "src\ASM.Domain\ASM.Domain.csproj", "{02413D1E-F58D-4A53-87E8-61659214AE09}"
EndProject
Project("{FAE04EC0-301F-11D3-BF4B-00C04F79EFBC}") = "ASM.Application", "src\ASM.Application\ASM.Application.csproj", "{4862C1E8-6D96-448A-9E90-749EB5D3AE92}"
EndProject
Project("{FAE04EC0-301F-11D3-BF4B-00C04F79EFBC}") = "ASM.Infrastructure", "src\ASM.Infrastructure\ASM.Infrastructure.csproj", "{38A7551F-CE30-4937-9A84-376512B8EB2E}"
EndProject
Project("{FAE04EC0-301F-11D3-BF4B-00C04F79EFBC}") = "ASM.Tests", "tests\ASM.Tests\ASM.Tests.csproj", "{831D9E83-11C1-471E-B0AA-93ECA8C98A43}"
EndProject
Global
	GlobalSection(SolutionConfigurationPlatforms) = preSolution
		Debug|Any CPU = Debug|Any CPU
		Debug|x64 = Debug|x64
		Debug|x86 = Debug|x86
		Release|Any CPU = Release|Any CPU
		Release|x64 = Release|x64
		Release|x86 = Release|x86
	EndGlobalSection
	GlobalSection(ProjectConfigurationPlatforms) = postSolution
		{8C27C9C2-FC1E-440F-94FB-295D31055921}.Debug|Any CPU.ActiveCfg = Debug|Any CPU
		{8C27C9C2-FC1E-440F-94FB-295D31055921}.Debug|Any CPU.Build.0 = Debug|Any CPU
		{8C27C9C2-FC1E-440F-94FB-295D31055921}.Debug|x64.ActiveCfg = Debug|Any CPU
		{8C27C9C2-FC1E-440F-94FB-295D31055921}.Debug|x64.Build.0 = Debug|Any CPU
		{8C27C9C2-FC1E-440F-94FB-295D31055921}.Debug|x86.ActiveCfg = Debug|Any CPU
		{8C27C9C2-FC1E-440F-94FB-295D31055921}.Debug|x86.Build.0 = Debug|Any CPU
		{8C27C9C2-FC1E-440F-94FB-295D31055921}.Release|Any CPU.ActiveCfg = Release|Any CPU
		{8C27C9C2-FC1E-440F-94FB-295D31055921}.Release|Any CPU.Build.0 = Release|Any CPU
		{8C27C9C2-FC1E-440F-94FB-295D31055921}.Release|x64.ActiveCfg = Release|Any CPU
		{8C27C9C2-FC1E-440F-94FB-295D31055921}.Release|x64.Build.0 = Release|Any CPU
		{8C27C9C2-FC1E-440F-94FB-295D31055921}.Release|x86.ActiveCfg = Release|Any CPU
		{8C27C9C2-FC1E-440F-94FB-295D31055921}.Release|x86.Build.0 = Release|Any CPU
		{02413D1E-F58D-4A53-87E8-61659214AE09}.Debug|Any CPU.ActiveCfg = Debug|Any CPU
		{02413D1E-F58D-4A53-87E8-61659214AE09}.Debug|Any CPU.Build.0 = Debug|Any CPU
		{02413D1E-F58D-4A53-87E8-61659214AE09}.Debug|x64.ActiveCfg = Debug|Any CPU
		{02413D1E-F58D-4A53-87E8-61659214AE09}.Debug|x64.Build.0 = Debug|Any CPU
		{02413D1E-F58D-4A53-87E8-61659214AE09}.Debug|x86.ActiveCfg = Debug|Any CPU
		{02413D1E-F58D-4A53-87E8-61659214AE09}.Debug|x86.Build.0 = Debug|Any CPU
		{02413D1E-F58D-4A53-87E8-61659214AE09}.Release|Any CPU.ActiveCfg = Release|Any CPU
		{02413D1E-F58D-4A53-87E8-61659214AE09}.Release|Any CPU.Build.0 = Release|Any CPU
		{02413D1E-F58D-4A53-87E8-61659214AE09}.Release|x64.ActiveCfg = Release|Any CPU
		{02413D1E-F58D-4A53-87E8-61659214AE09}.Release|x64.Build.0 = Release|Any CPU
		{02413D1E-F58D-4A53-87E8-61659214AE09}.Release|x86.ActiveCfg = Release|Any CPU
		{02413D1E-F58D-4A53-87E8-61659214AE09}.Release|x86.Build.0 = Release|Any CPU
		{4862C1E8-6D96-448A-9E90-749EB5D3AE92}.Debug|Any CPU.ActiveCfg = Debug|Any CPU
		{4862C1E8-6D96-448A-9E90-749EB5D3AE92}.Debug|Any CPU.Build.0 = Debug|Any CPU
		{4862C1E8-6D96-448A-9E90-749EB5D3AE92}.Debug|x64.ActiveCfg = Debug|Any CPU
		{4862C1E8-6D96-448A-9E90-749EB5D3AE92}.Debug|x64.Build.0 = Debug|Any CPU
		{4862C1E8-6D96-448A-9E90-749EB5D3AE92}.Debug|x86.ActiveCfg = Debug|Any CPU
		{4862C1E8-6D96-448A-9E90-749EB5D3AE92}.Debug|x86.Build.0 = Debug|Any CPU
		{4862C1E8-6D96-448A-9E90-749EB5D3AE92}.Release|Any CPU.ActiveCfg = Release|Any CPU
		{4862C1E8-6D96-448A-9E90-749EB5D3AE92}.Release|Any CPU.Build.0 = Release|Any CPU
		{4862C1E8-6D96-448A-9E90-749EB5D3AE92}.Release|x64.ActiveCfg = Release|Any CPU
		{4862C1E8-6D96-448A-9E90-749EB5D3AE92}.Release|x64.Build.0 = Release|Any CPU
		{4862C1E8-6D96-448A-9E90-749EB5D3AE92}.Release|x86.ActiveCfg = Release|Any CPU
		{4862C1E8-6D96-448A-9E90-749EB5D3AE92}.Release|x86.Build.0 = Release|Any CPU
		{38A7551F-CE30-4937-9A84-376512B8EB2E}.Debug|Any CPU.ActiveCfg = Debug|Any CPU
		{38A7551F-CE30-4937-9A84-376512B8EB2E}.Debug|Any CPU.Build.0 = Debug|Any CPU
		{38A7551F-CE30-4937-9A84-376512B8EB2E}.Debug|x64.ActiveCfg = Debug|Any CPU
		{38A7551F-CE30-4937-9A84-376512B8EB2E}.Debug|x64.Build.0 = Debug|Any CPU
		{38A7551F-CE30-4937-9A84-376512B8EB2E}.Debug|x86.ActiveCfg = Debug|Any CPU
		{38A7551F-CE30-4937-9A84-376512B8EB2E}.Debug|x86.Build.0 = Debug|Any CPU
		{38A7551F-CE30-4937-9A84-376512B8EB2E}.Release|Any CPU.ActiveCfg = Release|Any CPU
		{38A7551F-CE30-4937-9A84-376512B8EB2E}.Release|Any CPU.Build.0 = Release|Any CPU
		{38A7551F-CE30-4937-9A84-376512B8EB2E}.Release|x64.ActiveCfg = Release|Any CPU
		{38A7551F-CE30-4937-9A84-376512B8EB2E}.Release|x64.Build.0 = Release|Any CPU
		{38A7551F-CE30-4937-9A84-376512B8EB2E}.Release|x86.ActiveCfg = Release|Any CPU
		{38A7551F-CE30-4937-9A84-376512B8EB2E}.Release|x86.Build.0 = Release|Any CPU
		{831D9E83-11C1-471E-B0AA-93ECA8C98A43}.Debug|Any CPU.ActiveCfg = Debug|Any CPU
		{831D9E83-11C1-471E-B0AA-93ECA8C98A43}.Debug|Any CPU.Build.0 = Debug|Any CPU
		{831D9E83-11C1-471E-B0AA-93ECA8C98A43}.Debug|x64.ActiveCfg = Debug|Any CPU
		{831D9E83-11C1-471E-B0AA-93ECA8C98A43}.Debug|x64.Build.0 = Debug|Any CPU
		{831D9E83-11C1-471E-B0AA-93ECA8C98A43}.Debug|x86.ActiveCfg = Debug|Any CPU
		{831D9E83-11C1-471E-B0AA-93ECA8C98A43}.Debug|x86.Build.0 = Debug|Any CPU
		{831D9E83-11C1-471E-B0AA-93ECA8C98A43}.Release|Any CPU.ActiveCfg = Release|Any CPU
		{831D9E83-11C1-471E-B0AA-93ECA8C98A43}.Release|Any CPU.Build.0 = Release|Any CPU
		{831D9E83-11C1-471E-B0AA-93ECA8C98A43}.Release|x64.ActiveCfg = Release|Any CPU
		{831D9E83-11C1-471E-B0AA-93ECA8C98A43}.Release|x64.Build.0 = Release|Any CPU
		{831D9E83-11C1-471E-B0AA-93ECA8C98A43}.Release|x86.ActiveCfg = Release|Any CPU
		{831D9E83-11C1-471E-B0AA-93ECA8C98A43}.Release|x86.Build.0 = Release|Any CPU
	EndGlobalSection
	GlobalSection(SolutionProperties) = preSolution
		HideSolutionNode = FALSE
	EndGlobalSection
	GlobalSection(NestedProjects) = preSolution
		{8C27C9C2-FC1E-440F-94FB-295D31055921} = {827E0CD3-B72D-47B6-A68D-7590B98EB39B}
		{02413D1E-F58D-4A53-87E8-61659214AE09} = {827E0CD3-B72D-47B6-A68D-7590B98EB39B}
		{4862C1E8-6D96-448A-9E90-749EB5D3AE92} = {827E0CD3-B72D-47B6-A68D-7590B98EB39B}
		{38A7551F-CE30-4937-9A84-376512B8EB2E} = {827E0CD3-B72D-47B6-A68D-7590B98EB39B}
		{831D9E83-11C1-471E-B0AA-93ECA8C98A43} = {827E0CD3-B72D-47B6-A68D-7590B98EB39B}
	EndGlobalSection
EndGlobal
